
Microsoft Visual Studio Solution File, Format Version 12.00
# Visual Studio Version 17
VisualStudioVersion = 17.13.35931.197 d17.13
MinimumVisualStudioVersion = 10.0.40219.1
Project("{FAE04EC0-301F-11D3-BF4B-00C04F79EFBC}") = "Presentacion", "Presentacion\Presentacion.csproj", "{DA5F0AAB-8845-4FDA-A31C-3C141C28EDAC}"
EndProject
Project("{FAE04EC0-301F-11D3-BF4B-00C04F79EFBC}") = "Negocio", "Negocio\Negocio.csproj", "{1970534C-5CAC-4A36-9250-71D9ABF94225}"
EndProject
Project("{FAE04EC0-301F-11D3-BF4B-00C04F79EFBC}") = "AccesoDatos", "AccesoDatos\AccesoDatos.csproj", "{97F01C32-A6DB-4706-A11B-1CF12FD4217F}"
EndProject
Project("{FAE04EC0-301F-11D3-BF4B-00C04F79EFBC}") = "Entidades", "Entidades\Entidades.csproj", "{88CAD977-1CE0-42F6-B8B6-CD14D9C846D7}"
EndProject
Global
	GlobalSection(SolutionConfigurationPlatforms) = preSolution
		Debug|Any CPU = Debug|Any CPU
		Release|Any CPU = Release|Any CPU
	EndGlobalSection
	GlobalSection(ProjectConfigurationPlatforms) = postSolution
		{DA5F0AAB-8845-4FDA-A31C-3C141C28EDAC}.Debug|Any CPU.ActiveCfg = Debug|Any CPU
		{DA5F0AAB-8845-4FDA-A31C-3C141C28EDAC}.Debug|Any CPU.Build.0 = Debug|Any CPU
		{DA5F0AAB-8845-4FDA-A31C-3C141C28EDAC}.Release|Any CPU.ActiveCfg = Release|Any CPU
		{DA5F0AAB-8845-4FDA-A31C-3C141C28EDAC}.Release|Any CPU.Build.0 = Release|Any CPU
		{1970534C-5CAC-4A36-9250-71D9ABF94225}.Debug|Any CPU.ActiveCfg = Debug|Any CPU
		{1970534C-5CAC-4A36-9250-71D9ABF94225}.Debug|Any CPU.Build.0 = Debug|Any CPU
		{1970534C-5CAC-4A36-9250-71D9ABF94225}.Release|Any CPU.ActiveCfg = Release|Any CPU
		{1970534C-5CAC-4A36-9250-71D9ABF94225}.Release|Any CPU.Build.0 = Release|Any CPU
		{97F01C32-A6DB-4706-A11B-1CF12FD4217F}.Debug|Any CPU.ActiveCfg = Debug|Any CPU
		{97F01C32-A6DB-4706-A11B-1CF12FD4217F}.Debug|Any CPU.Build.0 = Debug|Any CPU
		{97F01C32-A6DB-4706-A11B-1CF12FD4217F}.Release|Any CPU.ActiveCfg = Release|Any CPU
		{97F01C32-A6DB-4706-A11B-1CF12FD4217F}.Release|Any CPU.Build.0 = Release|Any CPU
		{88CAD977-1CE0-42F6-B8B6-CD14D9C846D7}.Debug|Any CPU.ActiveCfg = Debug|Any CPU
		{88CAD977-1CE0-42F6-B8B6-CD14D9C846D7}.Debug|Any CPU.Build.0 = Debug|Any CPU
		{88CAD977-1CE0-42F6-B8B6-CD14D9C846D7}.Release|Any CPU.ActiveCfg = Release|Any CPU
		{88CAD977-1CE0-42F6-B8B6-CD14D9C846D7}.Release|Any CPU.Build.0 = Release|Any CPU
	EndGlobalSection
	GlobalSection(SolutionProperties) = preSolution
		HideSolutionNode = FALSE
	EndGlobalSection
	GlobalSection(ExtensibilityGlobals) = postSolution
		SolutionGuid = {6DD4BEB9-12FB-435F-9415-518C07B4B8EC}
	EndGlobalSection
EndGlobal
